
Microsoft Visual Studio Solution File, Format Version 12.00
# Visual Studio Version 16
VisualStudioVersion = 16.0.30907.101
MinimumVisualStudioVersion = 10.0.40219.1
Project("{FAE04EC0-301F-11D3-BF4B-00C04F79EFBC}") = "Landmines", "Landmines.csproj", "{F840E7D6-3F13-4418-BB2E-7EC2014B666B}"
EndProject
Global
	GlobalSection(SolutionConfigurationPlatforms) = preSolution
		Debug|Any CPU = Debug|Any CPU
		Release|Any CPU = Release|Any CPU
	EndGlobalSection
	GlobalSection(ProjectConfigurationPlatforms) = postSolution
		{F840E7D6-3F13-4418-BB2E-7EC2014B666B}.Debug|Any CPU.ActiveCfg = Debug|Any CPU
		{F840E7D6-3F13-4418-BB2E-7EC2014B666B}.Debug|Any CPU.Build.0 = Debug|Any CPU
		{F840E7D6-3F13-4418-BB2E-7EC2014B666B}.Release|Any CPU.ActiveCfg = Release|Any CPU
		{F840E7D6-3F13-4418-BB2E-7EC2014B666B}.Release|Any CPU.Build.0 = Release|Any CPU
	EndGlobalSection
	GlobalSection(SolutionProperties) = preSolution
		HideSolutionNode = FALSE
	EndGlobalSection
	GlobalSection(ExtensibilityGlobals) = postSolution
		SolutionGuid = {55565C98-00E2-4BE5-A865-A17E7B2377CD}
	EndGlobalSection
EndGlobal
